
Microsoft Visual Studio Solution File, Format Version 12.00
# Visual Studio Version 17
VisualStudioVersion = 17.8.34408.163
MinimumVisualStudioVersion = 10.0.40219.1
Project("{FAE04EC0-301F-11D3-BF4B-00C04F79EFBC}") = "Music_App", "Music_App\Music_App.csproj", "{63324659-826A-4BC4-81AF-65DCB0A091BC}"
EndProject
Global
	GlobalSection(SolutionConfigurationPlatforms) = preSolution
		Debug|Any CPU = Debug|Any CPU
		Release|Any CPU = Release|Any CPU
	EndGlobalSection
	GlobalSection(ProjectConfigurationPlatforms) = postSolution
		{63324659-826A-4BC4-81AF-65DCB0A091BC}.Debug|Any CPU.ActiveCfg = Debug|Any CPU
		{63324659-826A-4BC4-81AF-65DCB0A091BC}.Debug|Any CPU.Build.0 = Debug|Any CPU
		{63324659-826A-4BC4-81AF-65DCB0A091BC}.Release|Any CPU.ActiveCfg = Release|Any CPU
		{63324659-826A-4BC4-81AF-65DCB0A091BC}.Release|Any CPU.Build.0 = Release|Any CPU
	EndGlobalSection
	GlobalSection(SolutionProperties) = preSolution
		HideSolutionNode = FALSE
	EndGlobalSection
	GlobalSection(ExtensibilityGlobals) = postSolution
		SolutionGuid = {2C94B0FC-DC99-486C-9926-3AD3911E1C4D}
	EndGlobalSection
EndGlobal
